
Microsoft Visual Studio Solution File, Format Version 12.00
# Visual Studio Version 17
VisualStudioVersion = 17.7.34024.191
MinimumVisualStudioVersion = 10.0.40219.1
Project("{FAE04EC0-301F-11D3-BF4B-00C04F79EFBC}") = "GFTStart3NET", "GFTStart3NET\GFTStart3NET.csproj", "{BBF111D3-049A-4E65-8356-20FCDFE78663}"
EndProject
Global
	GlobalSection(SolutionConfigurationPlatforms) = preSolution
		Debug|Any CPU = Debug|Any CPU
		Release|Any CPU = Release|Any CPU
	EndGlobalSection
	GlobalSection(ProjectConfigurationPlatforms) = postSolution
		{BBF111D3-049A-4E65-8356-20FCDFE78663}.Debug|Any CPU.ActiveCfg = Debug|Any CPU
		{BBF111D3-049A-4E65-8356-20FCDFE78663}.Debug|Any CPU.Build.0 = Debug|Any CPU
		{BBF111D3-049A-4E65-8356-20FCDFE78663}.Release|Any CPU.ActiveCfg = Release|Any CPU
		{BBF111D3-049A-4E65-8356-20FCDFE78663}.Release|Any CPU.Build.0 = Release|Any CPU
	EndGlobalSection
	GlobalSection(SolutionProperties) = preSolution
		HideSolutionNode = FALSE
	EndGlobalSection
	GlobalSection(ExtensibilityGlobals) = postSolution
		SolutionGuid = {B7F59104-EE05-44EE-BA97-671EF35F4279}
	EndGlobalSection
EndGlobal
